
Microsoft Visual Studio Solution File, Format Version 12.00
# Visual Studio Version 16
VisualStudioVersion = 16.0.32002.261
MinimumVisualStudioVersion = 10.0.40219.1
Project("{FAE04EC0-301F-11D3-BF4B-00C04F79EFBC}") = "Tuan04_LeHoanPhuc", "Tuan04_LeHoanPhuc\Tuan04_LeHoanPhuc.csproj", "{D06058F6-C6F5-4BE0-840B-D8939916A14C}"
EndProject
Global
	GlobalSection(SolutionConfigurationPlatforms) = preSolution
		Debug|Any CPU = Debug|Any CPU
		Release|Any CPU = Release|Any CPU
	EndGlobalSection
	GlobalSection(ProjectConfigurationPlatforms) = postSolution
		{D06058F6-C6F5-4BE0-840B-D8939916A14C}.Debug|Any CPU.ActiveCfg = Debug|Any CPU
		{D06058F6-C6F5-4BE0-840B-D8939916A14C}.Debug|Any CPU.Build.0 = Debug|Any CPU
		{D06058F6-C6F5-4BE0-840B-D8939916A14C}.Release|Any CPU.ActiveCfg = Release|Any CPU
		{D06058F6-C6F5-4BE0-840B-D8939916A14C}.Release|Any CPU.Build.0 = Release|Any CPU
	EndGlobalSection
	GlobalSection(SolutionProperties) = preSolution
		HideSolutionNode = FALSE
	EndGlobalSection
	GlobalSection(ExtensibilityGlobals) = postSolution
		SolutionGuid = {A1135941-8662-4BC4-828E-857982037C07}
	EndGlobalSection
EndGlobal
